// !$*UTF8*$!
{
	archiveVersion = 1;
	classes = {
	};
	objectVersion = 50;
	objects = {

/* Begin PBXBuildFile section */
		700555F621AE3AE8006219DF /* AppDelegate.swift in Sources */ = {isa = PBXBuildFile; fileRef = 700555F521AE3AE8006219DF /* AppDelegate.swift */; };
		700555F821AE3AE8006219DF /* ViewController.swift in Sources */ = {isa = PBXBuildFile; fileRef = 700555F721AE3AE8006219DF /* ViewController.swift */; };
		700555FB21AE3AE8006219DF /* Main.storyboard in Resources */ = {isa = PBXBuildFile; fileRef = 700555F921AE3AE8006219DF /* Main.storyboard */; };
		700555FD21AE3AE9006219DF /* Assets.xcassets in Resources */ = {isa = PBXBuildFile; fileRef = 700555FC21AE3AE9006219DF /* Assets.xcassets */; };
		7005560021AE3AE9006219DF /* LaunchScreen.storyboard in Resources */ = {isa = PBXBuildFile; fileRef = 700555FE21AE3AE9006219DF /* LaunchScreen.storyboard */; };
		7005560821AE3B30006219DF /* RefreshView.xib in Resources */ = {isa = PBXBuildFile; fileRef = 7005560721AE3B30006219DF /* RefreshView.xib */; };
		7005560A21AE3B78006219DF /* RefreshView.swift in Sources */ = {isa = PBXBuildFile; fileRef = 7005560921AE3B78006219DF /* RefreshView.swift */; };
		7005560C21AE4567006219DF /* GradientFillView.swift in Sources */ = {isa = PBXBuildFile; fileRef = 7005560B21AE4567006219DF /* GradientFillView.swift */; };
/* End PBXBuildFile section */

/* Begin PBXFileReference section */
		700555F221AE3AE8006219DF /* TestPullToRefresh.app */ = {isa = PBXFileReference; explicitFileType = wrapper.application; includeInIndex = 0; path = TestPullToRefresh.app; sourceTree = BUILT_PRODUCTS_DIR; };
		700555F521AE3AE8006219DF /* AppDelegate.swift */ = {isa = PBXFileReference; lastKnownFileType = sourcecode.swift; path = AppDelegate.swift; sourceTree = "<group>"; };
		700555F721AE3AE8006219DF /* ViewController.swift */ = {isa = PBXFileReference; lastKnownFileType = sourcecode.swift; path = ViewController.swift; sourceTree = "<group>"; };
		700555FA21AE3AE8006219DF /* Base */ = {isa = PBXFileReference; lastKnownFileType = file.storyboard; name = Base; path = Base.lproj/Main.storyboard; sourceTree = "<group>"; };
		700555FC21AE3AE9006219DF /* Assets.xcassets */ = {isa = PBXFileReference; lastKnownFileType = folder.assetcatalog; path = Assets.xcassets; sourceTree = "<group>"; };
		700555FF21AE3AE9006219DF /* Base */ = {isa = PBXFileReference; lastKnownFileType = file.storyboard; name = Base; path = Base.lproj/LaunchScreen.storyboard; sourceTree = "<group>"; };
		7005560121AE3AE9006219DF /* Info.plist */ = {isa = PBXFileReference; lastKnownFileType = text.plist.xml; path = Info.plist; sourceTree = "<group>"; };
		7005560721AE3B30006219DF /* RefreshView.xib */ = {isa = PBXFileReference; lastKnownFileType = file.xib; path = RefreshView.xib; sourceTree = "<group>"; };
		7005560921AE3B78006219DF /* RefreshView.swift */ = {isa = PBXFileReference; lastKnownFileType = sourcecode.swift; path = RefreshView.swift; sourceTree = "<group>"; };
		7005560B21AE4567006219DF /* GradientFillView.swift */ = {isa = PBXFileReference; lastKnownFileType = sourcecode.swift; path = GradientFillView.swift; sourceTree = "<group>"; };
/* End PBXFileReference section */

/* Begin PBXFrameworksBuildPhase section */
		700555EF21AE3AE8006219DF /* Frameworks */ = {
			isa = PBXFrameworksBuildPhase;
			buildActionMask = 2147483647;
			files = (
			);
			runOnlyForDeploymentPostprocessing = 0;
		};
/* End PBXFrameworksBuildPhase section */

/* Begin PBXGroup section */
		700555E921AE3AE8006219DF = {
			isa = PBXGroup;
			children = (
				700555F421AE3AE8006219DF /* TestPullToRefresh */,
				700555F321AE3AE8006219DF /* Products */,
			);
			sourceTree = "<group>";
		};
		700555F321AE3AE8006219DF /* Products */ = {
			isa = PBXGroup;
			children = (
				700555F221AE3AE8006219DF /* TestPullToRefresh.app */,
			);
			name = Products;
			sourceTree = "<group>";
		};
		700555F421AE3AE8006219DF /* TestPullToRefresh */ = {
			isa = PBXGroup;
			children = (
				700555F521AE3AE8006219DF /* AppDelegate.swift */,
				700555F721AE3AE8006219DF /* ViewController.swift */,
				700555F921AE3AE8006219DF /* Main.storyboard */,
				700555FC21AE3AE9006219DF /* Assets.xcassets */,
				700555FE21AE3AE9006219DF /* LaunchScreen.storyboard */,
				7005560121AE3AE9006219DF /* Info.plist */,
				7005560721AE3B30006219DF /* RefreshView.xib */,
				7005560921AE3B78006219DF /* RefreshView.swift */,
				7005560B21AE4567006219DF /* GradientFillView.swift */,
			);
			path = TestPullToRefresh;
			sourceTree = "<group>";
		};
/* End PBXGroup section */

/* Begin PBXNativeTarget section */
		700555F121AE3AE8006219DF /* TestPullToRefresh */ = {
			isa = PBXNativeTarget;
			buildConfigurationList = 7005560421AE3AE9006219DF /* Build configuration list for PBXNativeTarget "TestPullToRefresh" */;
			buildPhases = (
				700555EE21AE3AE8006219DF /* Sources */,
				700555EF21AE3AE8006219DF /* Frameworks */,
				700555F021AE3AE8006219DF /* Resources */,
			);
			buildRules = (
			);
			dependencies = (
			);
			name = TestPullToRefresh;
			productName = TestPullToRefresh;
			productReference = 700555F221AE3AE8006219DF /* TestPullToRefresh.app */;
			productType = "com.apple.product-type.application";
		};
/* End PBXNativeTarget section */

/* Begin PBXProject section */
		700555EA21AE3AE8006219DF /* Project object */ = {
			isa = PBXProject;
			attributes = {
				LastSwiftUpdateCheck = 1010;
				LastUpgradeCheck = 1010;
				ORGANIZATIONNAME = "Kaizen Enteripises";
				TargetAttributes = {
					700555F121AE3AE8006219DF = {
						CreatedOnToolsVersion = 10.1;
					};
				};
			};
			buildConfigurationList = 700555ED21AE3AE8006219DF /* Build configuration list for PBXProject "TestPullToRefresh" */;
			compatibilityVersion = "Xcode 9.3";
			developmentRegion = en;
			hasScannedForEncodings = 0;
			knownRegions = (
				en,
				Base,
			);
			mainGroup = 700555E921AE3AE8006219DF;
			productRefGroup = 700555F321AE3AE8006219DF /* Products */;
			projectDirPath = "";
			projectRoot = "";
			targets = (
				700555F121AE3AE8006219DF /* TestPullToRefresh */,
			);
		};
/* End PBXProject section */

/* Begin PBXResourcesBuildPhase section */
		700555F021AE3AE8006219DF /* Resources */ = {
			isa = PBXResourcesBuildPhase;
			buildActionMask = 2147483647;
			files = (
				7005560021AE3AE9006219DF /* LaunchScreen.storyboard in Resources */,
				700555FD21AE3AE9006219DF /* Assets.xcassets in Resources */,
				7005560821AE3B30006219DF /* RefreshView.xib in Resources */,
				700555FB21AE3AE8006219DF /* Main.storyboard in Resources */,
			);
			runOnlyForDeploymentPostprocessing = 0;
		};
/* End PBXResourcesBuildPhase section */

/* Begin PBXSourcesBuildPhase section */
		700555EE21AE3AE8006219DF /* Sources */ = {
			isa = PBXSourcesBuildPhase;
			buildActionMask = 2147483647;
			files = (
				7005560A21AE3B78006219DF /* RefreshView.swift in Sources */,
				7005560C21AE4567006219DF /* GradientFillView.swift in Sources */,
				700555F821AE3AE8006219DF /* ViewController.swift in Sources */,
				700555F621AE3AE8006219DF /* AppDelegate.swift in Sources */,
			);
			runOnlyForDeploymentPostprocessing = 0;
		};
/* End PBXSourcesBuildPhase section */

/* Begin PBXVariantGroup section */
		700555F921AE3AE8006219DF /* Main.storyboard */ = {
			isa = PBXVariantGroup;
			children = (
				700555FA21AE3AE8006219DF /* Base */,
			);
			name = Main.storyboard;
			sourceTree = "<group>";
		};
		700555FE21AE3AE9006219DF /* LaunchScreen.storyboard */ = {
			isa = PBXVariantGroup;
			children = (
				700555FF21AE3AE9006219DF /* Base */,
			);
			name = LaunchScreen.storyboard;
			sourceTree = "<group>";
		};
/* End PBXVariantGroup section */

/* Begin XCBuildConfiguration section */
		7005560221AE3AE9006219DF /* Debug */ = {
			isa = XCBuildConfiguration;
			buildSettings = {
				ALWAYS_SEARCH_USER_PATHS = NO;
				CLANG_ANALYZER_NONNULL = YES;
				CLANG_ANALYZER_NUMBER_OBJECT_CONVERSION = YES_AGGRESSIVE;
				CLANG_CXX_LANGUAGE_STANDARD = "gnu++14";
				CLANG_CXX_LIBRARY = "libc++";
				CLANG_ENABLE_MODULES = YES;
				CLANG_ENABLE_OBJC_ARC = YES;
				CLANG_ENABLE_OBJC_WEAK = YES;
				CLANG_WARN_BLOCK_CAPTURE_AUTORELEASING = YES;
				CLANG_WARN_BOOL_CONVERSION = YES;
				CLANG_WARN_COMMA = YES;
				CLANG_WARN_CONSTANT_CONVERSION = YES;
				CLANG_WARN_DEPRECATED_OBJC_IMPLEMENTATIONS = YES;
				CLANG_WARN_DIRECT_OBJC_ISA_USAGE = YES_ERROR;
				CLANG_WARN_DOCUMENTATION_COMMENTS = YES;
				CLANG_WARN_EMPTY_BODY = YES;
				CLANG_WARN_ENUM_CONVERSION = YES;
				CLANG_WARN_INFINITE_RECURSION = YES;
				CLANG_WARN_INT_CONVERSION = YES;
				CLANG_WARN_NON_LITERAL_NULL_CONVERSION = YES;
				CLANG_WARN_OBJC_IMPLICIT_RETAIN_SELF = YES;
				CLANG_WARN_OBJC_LITERAL_CONVERSION = YES;
				CLANG_WARN_OBJC_ROOT_CLASS = YES_ERROR;
				CLANG_WARN_RANGE_LOOP_ANALYSIS = YES;
				CLANG_WARN_STRICT_PROTOTYPES = YES;
				CLANG_WARN_SUSPICIOUS_MOVE = YES;
				CLANG_WARN_UNGUARDED_AVAILABILITY = YES_AGGRESSIVE;
				CLANG_WARN_UNREACHABLE_CODE = YES;
				CLANG_WARN__DUPLICATE_METHOD_MATCH = YES;
				CODE_SIGN_IDENTITY = "iPhone Developer";
				COPY_PHASE_STRIP = NO;
				DEBUG_INFORMATION_FORMAT = dwarf;
				ENABLE_STRICT_OBJC_MSGSEND = YES;
				ENABLE_TESTABILITY = YES;
				GCC_C_LANGUAGE_STANDARD = gnu11;
				GCC_DYNAMIC_NO_PIC = NO;
				GCC_NO_COMMON_BLOCKS = YES;
				GCC_OPTIMIZATION_LEVEL = 0;
				GCC_PREPROCESSOR_DEFINITIONS = (
					"DEBUG=1",
					"$(inherited)",
				);
				GCC_WARN_64_TO_32_BIT_CONVERSION = YES;
				GCC_WARN_ABOUT_RETURN_TYPE = YES_ERROR;
				GCC_WARN_UNDECLARED_SELECTOR = YES;
				GCC_WARN_UNINITIALIZED_AUTOS = YES_AGGRESSIVE;
				GCC_WARN_UNUSED_FUNCTION = YES;
				GCC_WARN_UNUSED_VARIABLE = YES;
				IPHONEOS_DEPLOYMENT_TARGET = 12.1;
				MTL_ENABLE_DEBUG_INFO = INCLUDE_SOURCE;
				MTL_FAST_MATH = YES;
				ONLY_ACTIVE_ARCH = YES;
				SDKROOT = iphoneos;
				SWIFT_ACTIVE_COMPILATION_CONDITIONS = DEBUG;
				SWIFT_OPTIMIZATION_LEVEL = "-Onone";
			};
			name = Debug;
		};
		7005560321AE3AE9006219DF /* Release */ = {
			isa = XCBuildConfiguration;
			buildSettings = {
				ALWAYS_SEARCH_USER_PATHS = NO;
				CLANG_ANALYZER_NONNULL = YES;
				CLANG_ANALYZER_NUMBER_OBJECT_CONVERSION = YES_AGGRESSIVE;
				CLANG_CXX_LANGUAGE_STANDARD = "gnu++14";
				CLANG_CXX_LIBRARY = "libc++";
				CLANG_ENABLE_MODULES = YES;
				CLANG_ENABLE_OBJC_ARC = YES;
				CLANG_ENABLE_OBJC_WEAK = YES;
				CLANG_WARN_BLOCK_CAPTURE_AUTORELEASING = YES;
				CLANG_WARN_BOOL_CONVERSION = YES;
				CLANG_WARN_COMMA = YES;
				CLANG_WARN_CONSTANT_CONVERSION = YES;
				CLANG_WARN_DEPRECATED_OBJC_IMPLEMENTATIONS = YES;
				CLANG_WARN_DIRECT_OBJC_ISA_USAGE = YES_ERROR;
				CLANG_WARN_DOCUMENTATION_COMMENTS = YES;
				CLANG_WARN_EMPTY_BODY = YES;
				CLANG_WARN_ENUM_CONVERSION = YES;
				CLANG_WARN_INFINITE_RECURSION = YES;
				CLANG_WARN_INT_CONVERSION = YES;
				CLANG_WARN_NON_LITERAL_NULL_CONVERSION = YES;
				CLANG_WARN_OBJC_IMPLICIT_RETAIN_SELF = YES;
				CLANG_WARN_OBJC_LITERAL_CONVERSION = YES;
				CLANG_WARN_OBJC_ROOT_CLASS = YES_ERROR;
				CLANG_WARN_RANGE_LOOP_ANALYSIS = YES;
				CLANG_WARN_STRICT_PROTOTYPES = YES;
				CLANG_WARN_SUSPICIOUS_MOVE = YES;
				CLANG_WARN_UNGUARDED_AVAILABILITY = YES_AGGRESSIVE;
				CLANG_WARN_UNREACHABLE_CODE = YES;
				CLANG_WARN__DUPLICATE_METHOD_MATCH = YES;
				CODE_SIGN_IDENTITY = "iPhone Developer";
				COPY_PHASE_STRIP = NO;
				DEBUG_INFORMATION_FORMAT = "dwarf-with-dsym";
				ENABLE_NS_ASSERTIONS = NO;
				ENABLE_STRICT_OBJC_MSGSEND = YES;
				GCC_C_LANGUAGE_STANDARD = gnu11;
				GCC_NO_COMMON_BLOCKS = YES;
				GCC_WARN_64_TO_32_BIT_CONVERSION = YES;
				GCC_WARN_ABOUT_RETURN_TYPE = YES_ERROR;
				GCC_WARN_UNDECLARED_SELECTOR = YES;
				GCC_WARN_UNINITIALIZED_AUTOS = YES_AGGRESSIVE;
				GCC_WARN_UNUSED_FUNCTION = YES;
				GCC_WARN_UNUSED_VARIABLE = YES;
				IPHONEOS_DEPLOYMENT_TARGET = 12.1;
				MTL_ENABLE_DEBUG_INFO = NO;
				MTL_FAST_MATH = YES;
				SDKROOT = iphoneos;
				SWIFT_COMPILATION_MODE = wholemodule;
				SWIFT_OPTIMIZATION_LEVEL = "-O";
				VALIDATE_PRODUCT = YES;
			};
			name = Release;
		};
		7005560521AE3AE9006219DF /* Debug */ = {
			isa = XCBuildConfiguration;
			buildSettings = {
				ASSETCATALOG_COMPILER_APPICON_NAME = AppIcon;
				CODE_SIGN_STYLE = Automatic;
				DEVELOPMENT_TEAM = YWXH886EY3;
				INFOPLIST_FILE = TestPullToRefresh/Info.plist;
				LD_RUNPATH_SEARCH_PATHS = (
					"$(inherited)",
					"@executable_path/Frameworks",
				);
				PRODUCT_BUNDLE_IDENTIFIER = org.kaizen.TestPullToRefresh;
				PRODUCT_NAME = "$(TARGET_NAME)";
				SWIFT_VERSION = 4.2;
				TARGETED_DEVICE_FAMILY = "1,2";
			};
			name = Debug;
		};
		7005560621AE3AE9006219DF /* Release */ = {
			isa = XCBuildConfiguration;
			buildSettings = {
				ASSETCATALOG_COMPILER_APPICON_NAME = AppIcon;
				CODE_SIGN_STYLE = Automatic;
				DEVELOPMENT_TEAM = YWXH886EY3;
				INFOPLIST_FILE = TestPullToRefresh/Info.plist;
				LD_RUNPATH_SEARCH_PATHS = (
					"$(inherited)",
					"@executable_path/Frameworks",
				);
				PRODUCT_BUNDLE_IDENTIFIER = org.kaizen.TestPullToRefresh;
				PRODUCT_NAME = "$(TARGET_NAME)";
				SWIFT_VERSION = 4.2;
				TARGETED_DEVICE_FAMILY = "1,2";
			};
			name = Release;
		};
/* End XCBuildConfiguration section */

/* Begin XCConfigurationList section */
		700555ED21AE3AE8006219DF /* Build configuration list for PBXProject "TestPullToRefresh" */ = {
			isa = XCConfigurationList;
			buildConfigurations = (
				7005560221AE3AE9006219DF /* Debug */,
				7005560321AE3AE9006219DF /* Release */,
			);
			defaultConfigurationIsVisible = 0;
			defaultConfigurationName = Release;
		};
		7005560421AE3AE9006219DF /* Build configuration list for PBXNativeTarget "TestPullToRefresh" */ = {
			isa = XCConfigurationList;
			buildConfigurations = (
				7005560521AE3AE9006219DF /* Debug */,
				7005560621AE3AE9006219DF /* Release */,
			);
			defaultConfigurationIsVisible = 0;
			defaultConfigurationName = Release;
		};
/* End XCConfigurationList section */
	};
	rootObject = 700555EA21AE3AE8006219DF /* Project object */;
}
